
Microsoft Visual Studio Solution File, Format Version 12.00
Project("{FAE04EC0-301F-11D3-BF4B-00C04F79EFBC}") = "ardaRetake", "ardaRetake\ardaRetake.csproj", "{24496C63-6687-4131-89C1-C2B1008445DF}"
EndProject
Global
	GlobalSection(SolutionConfigurationPlatforms) = preSolution
		Debug|Any CPU = Debug|Any CPU
		Release|Any CPU = Release|Any CPU
	EndGlobalSection
	GlobalSection(ProjectConfigurationPlatforms) = postSolution
		{24496C63-6687-4131-89C1-C2B1008445DF}.Debug|Any CPU.ActiveCfg = Debug|Any CPU
		{24496C63-6687-4131-89C1-C2B1008445DF}.Debug|Any CPU.Build.0 = Debug|Any CPU
		{24496C63-6687-4131-89C1-C2B1008445DF}.Release|Any CPU.ActiveCfg = Release|Any CPU
		{24496C63-6687-4131-89C1-C2B1008445DF}.Release|Any CPU.Build.0 = Release|Any CPU
	EndGlobalSection
EndGlobal
